
Microsoft Visual Studio Solution File, Format Version 12.00
# Visual Studio Version 17
VisualStudioVersion = 17.2.32526.322
MinimumVisualStudioVersion = 10.0.40219.1
Project("{FAE04EC0-301F-11D3-BF4B-00C04F79EFBC}") = "Xam.Plugins.Ads", "Xam.Plugins.Ads\Xam.Plugins.Ads.csproj", "{EDE4A744-BB87-48D9-9583-3957773FE465}"
EndProject
Global
	GlobalSection(SolutionConfigurationPlatforms) = preSolution
		Debug|Any CPU = Debug|Any CPU
		Release|Any CPU = Release|Any CPU
	EndGlobalSection
	GlobalSection(ProjectConfigurationPlatforms) = postSolution
		{EDE4A744-BB87-48D9-9583-3957773FE465}.Debug|Any CPU.ActiveCfg = Debug|Any CPU
		{EDE4A744-BB87-48D9-9583-3957773FE465}.Debug|Any CPU.Build.0 = Debug|Any CPU
		{EDE4A744-BB87-48D9-9583-3957773FE465}.Release|Any CPU.ActiveCfg = Release|Any CPU
		{EDE4A744-BB87-48D9-9583-3957773FE465}.Release|Any CPU.Build.0 = Release|Any CPU
	EndGlobalSection
	GlobalSection(SolutionProperties) = preSolution
		HideSolutionNode = FALSE
	EndGlobalSection
	GlobalSection(ExtensibilityGlobals) = postSolution
		SolutionGuid = {034EFC80-8F46-4356-AA0C-A5550297C957}
	EndGlobalSection
EndGlobal
