
Microsoft Visual Studio Solution File, Format Version 12.00
# Visual Studio Version 17
VisualStudioVersion = 17.2.32526.322
MinimumVisualStudioVersion = 10.0.40219.1
Project("{FAE04EC0-301F-11D3-BF4B-00C04F79EFBC}") = "Xam.Plugins.YoumiAds", "Xam.Plugins.YoumiAds.csproj", "{50E317B2-5EA5-476C-8254-064D37D7ABAB}"
EndProject
Global
	GlobalSection(SolutionConfigurationPlatforms) = preSolution
		Debug|Any CPU = Debug|Any CPU
		Release|Any CPU = Release|Any CPU
	EndGlobalSection
	GlobalSection(ProjectConfigurationPlatforms) = postSolution
		{50E317B2-5EA5-476C-8254-064D37D7ABAB}.Debug|Any CPU.ActiveCfg = Debug|Any CPU
		{50E317B2-5EA5-476C-8254-064D37D7ABAB}.Debug|Any CPU.Build.0 = Debug|Any CPU
		{50E317B2-5EA5-476C-8254-064D37D7ABAB}.Release|Any CPU.ActiveCfg = Release|Any CPU
		{50E317B2-5EA5-476C-8254-064D37D7ABAB}.Release|Any CPU.Build.0 = Release|Any CPU
	EndGlobalSection
	GlobalSection(SolutionProperties) = preSolution
		HideSolutionNode = FALSE
	EndGlobalSection
	GlobalSection(ExtensibilityGlobals) = postSolution
		SolutionGuid = {CBB9C488-E38A-4015-881C-6B0755241630}
	EndGlobalSection
EndGlobal
