
Microsoft Visual Studio Solution File, Format Version 12.00
# Visual Studio Version 16
VisualStudioVersion = 16.0.29905.134
MinimumVisualStudioVersion = 10.0.40219.1
Project("{FAE04EC0-301F-11D3-BF4B-00C04F79EFBC}") = "Xam.Plugins.Droid.IjkPlayer", "Xam.Plugins.Droid.IjkPlayer\Xam.Plugins.Droid.IjkPlayer.csproj", "{852C5FB3-6F25-4B5B-9CE5-110021ED70C2}"
EndProject
Project("{FAE04EC0-301F-11D3-BF4B-00C04F79EFBC}") = "Xam.Plugins.Droid.IjkPlayer.Core", "Xam.Plugins.Droid.IjkPlayer.Core\Xam.Plugins.Droid.IjkPlayer.Core.csproj", "{11B04790-F727-4343-88D4-FB5BA0778F16}"
EndProject
Project("{FAE04EC0-301F-11D3-BF4B-00C04F79EFBC}") = "Demo", "Demo\Demo.csproj", "{E118C7EF-8642-4605-8E08-71ACA39F152B}"
EndProject
Global
	GlobalSection(SolutionConfigurationPlatforms) = preSolution
		Debug|Any CPU = Debug|Any CPU
		Release|Any CPU = Release|Any CPU
	EndGlobalSection
	GlobalSection(ProjectConfigurationPlatforms) = postSolution
		{852C5FB3-6F25-4B5B-9CE5-110021ED70C2}.Debug|Any CPU.ActiveCfg = Debug|Any CPU
		{852C5FB3-6F25-4B5B-9CE5-110021ED70C2}.Debug|Any CPU.Build.0 = Debug|Any CPU
		{852C5FB3-6F25-4B5B-9CE5-110021ED70C2}.Release|Any CPU.ActiveCfg = Release|Any CPU
		{852C5FB3-6F25-4B5B-9CE5-110021ED70C2}.Release|Any CPU.Build.0 = Release|Any CPU
		{11B04790-F727-4343-88D4-FB5BA0778F16}.Debug|Any CPU.ActiveCfg = Debug|Any CPU
		{11B04790-F727-4343-88D4-FB5BA0778F16}.Debug|Any CPU.Build.0 = Debug|Any CPU
		{11B04790-F727-4343-88D4-FB5BA0778F16}.Release|Any CPU.ActiveCfg = Release|Any CPU
		{11B04790-F727-4343-88D4-FB5BA0778F16}.Release|Any CPU.Build.0 = Release|Any CPU
		{E118C7EF-8642-4605-8E08-71ACA39F152B}.Debug|Any CPU.ActiveCfg = Debug|Any CPU
		{E118C7EF-8642-4605-8E08-71ACA39F152B}.Debug|Any CPU.Build.0 = Debug|Any CPU
		{E118C7EF-8642-4605-8E08-71ACA39F152B}.Debug|Any CPU.Deploy.0 = Debug|Any CPU
		{E118C7EF-8642-4605-8E08-71ACA39F152B}.Release|Any CPU.ActiveCfg = Release|Any CPU
		{E118C7EF-8642-4605-8E08-71ACA39F152B}.Release|Any CPU.Build.0 = Release|Any CPU
		{E118C7EF-8642-4605-8E08-71ACA39F152B}.Release|Any CPU.Deploy.0 = Release|Any CPU
	EndGlobalSection
	GlobalSection(SolutionProperties) = preSolution
		HideSolutionNode = FALSE
	EndGlobalSection
	GlobalSection(ExtensibilityGlobals) = postSolution
		SolutionGuid = {830C9DDC-2EAF-48D2-9D08-E029EF109333}
	EndGlobalSection
EndGlobal
