
Microsoft Visual Studio Solution File, Format Version 12.00
# Visual Studio Version 16
VisualStudioVersion = 16.0.30517.126
MinimumVisualStudioVersion = 10.0.40219.1
Project("{FAE04EC0-301F-11D3-BF4B-00C04F79EFBC}") = "Xam.Plugins.JPush", "Xam.Plugins.JPush.csproj", "{6AE84A9E-AAA9-4A78-A6F5-CD17F69AAACA}"
EndProject
Global
	GlobalSection(SolutionConfigurationPlatforms) = preSolution
		Debug|Any CPU = Debug|Any CPU
		Release|Any CPU = Release|Any CPU
	EndGlobalSection
	GlobalSection(ProjectConfigurationPlatforms) = postSolution
		{6AE84A9E-AAA9-4A78-A6F5-CD17F69AAACA}.Debug|Any CPU.ActiveCfg = Debug|Any CPU
		{6AE84A9E-AAA9-4A78-A6F5-CD17F69AAACA}.Debug|Any CPU.Build.0 = Debug|Any CPU
		{6AE84A9E-AAA9-4A78-A6F5-CD17F69AAACA}.Release|Any CPU.ActiveCfg = Release|Any CPU
		{6AE84A9E-AAA9-4A78-A6F5-CD17F69AAACA}.Release|Any CPU.Build.0 = Release|Any CPU
	EndGlobalSection
	GlobalSection(SolutionProperties) = preSolution
		HideSolutionNode = FALSE
	EndGlobalSection
	GlobalSection(ExtensibilityGlobals) = postSolution
		SolutionGuid = {4B3C82B8-C30D-4E69-A600-A097EF4D0316}
	EndGlobalSection
EndGlobal
