
Microsoft Visual Studio Solution File, Format Version 12.00
# Visual Studio Version 16
VisualStudioVersion = 16.0.29926.136
MinimumVisualStudioVersion = 10.0.40219.1
Project("{FAE04EC0-301F-11D3-BF4B-00C04F79EFBC}") = "Xam.Plugins.DanmakuFlameMaster", "Xam.Plugins.DanmakuFlameMaster.csproj", "{9A3A7940-4865-4A50-8214-D7D54FBEA972}"
EndProject
Global
	GlobalSection(SolutionConfigurationPlatforms) = preSolution
		Debug|Any CPU = Debug|Any CPU
		Release|Any CPU = Release|Any CPU
	EndGlobalSection
	GlobalSection(ProjectConfigurationPlatforms) = postSolution
		{9A3A7940-4865-4A50-8214-D7D54FBEA972}.Debug|Any CPU.ActiveCfg = Debug|Any CPU
		{9A3A7940-4865-4A50-8214-D7D54FBEA972}.Debug|Any CPU.Build.0 = Debug|Any CPU
		{9A3A7940-4865-4A50-8214-D7D54FBEA972}.Release|Any CPU.ActiveCfg = Release|Any CPU
		{9A3A7940-4865-4A50-8214-D7D54FBEA972}.Release|Any CPU.Build.0 = Release|Any CPU
	EndGlobalSection
	GlobalSection(SolutionProperties) = preSolution
		HideSolutionNode = FALSE
	EndGlobalSection
	GlobalSection(ExtensibilityGlobals) = postSolution
		SolutionGuid = {0EEAF758-30D7-463E-A3F5-B67FA5974F38}
	EndGlobalSection
EndGlobal
