
Microsoft Visual Studio Solution File, Format Version 12.00
# Visual Studio Version 17
VisualStudioVersion = 17.2.32519.379
MinimumVisualStudioVersion = 10.0.40219.1
Project("{FAE04EC0-301F-11D3-BF4B-00C04F79EFBC}") = "Xam.Shizuku.API", "Xam.Shizuku.API.csproj", "{BDD3249A-B354-4768-92DD-76BE26BBCD86}"
EndProject
Global
	GlobalSection(SolutionConfigurationPlatforms) = preSolution
		Debug|Any CPU = Debug|Any CPU
		Release|Any CPU = Release|Any CPU
	EndGlobalSection
	GlobalSection(ProjectConfigurationPlatforms) = postSolution
		{BDD3249A-B354-4768-92DD-76BE26BBCD86}.Debug|Any CPU.ActiveCfg = Debug|Any CPU
		{BDD3249A-B354-4768-92DD-76BE26BBCD86}.Debug|Any CPU.Build.0 = Debug|Any CPU
		{BDD3249A-B354-4768-92DD-76BE26BBCD86}.Release|Any CPU.ActiveCfg = Release|Any CPU
		{BDD3249A-B354-4768-92DD-76BE26BBCD86}.Release|Any CPU.Build.0 = Release|Any CPU
	EndGlobalSection
	GlobalSection(SolutionProperties) = preSolution
		HideSolutionNode = FALSE
	EndGlobalSection
	GlobalSection(ExtensibilityGlobals) = postSolution
		SolutionGuid = {45F16B90-A27B-4E82-8DE9-8CEEE57CDCF8}
	EndGlobalSection
EndGlobal
